
Microsoft Visual Studio Solution File, Format Version 12.00
# Visual Studio Version 17
VisualStudioVersion = 17.3.32901.215
MinimumVisualStudioVersion = 10.0.40219.1
Project("{FAE04EC0-301F-11D3-BF4B-00C04F79EFBC}") = "urun satıs", "urun satıs\urun satıs.csproj", "{5A720A5E-553A-46A5-8458-860D2575A1EC}"
EndProject
Global
	GlobalSection(SolutionConfigurationPlatforms) = preSolution
		Debug|Any CPU = Debug|Any CPU
		Release|Any CPU = Release|Any CPU
	EndGlobalSection
	GlobalSection(ProjectConfigurationPlatforms) = postSolution
		{5A720A5E-553A-46A5-8458-860D2575A1EC}.Debug|Any CPU.ActiveCfg = Debug|Any CPU
		{5A720A5E-553A-46A5-8458-860D2575A1EC}.Debug|Any CPU.Build.0 = Debug|Any CPU
		{5A720A5E-553A-46A5-8458-860D2575A1EC}.Release|Any CPU.ActiveCfg = Release|Any CPU
		{5A720A5E-553A-46A5-8458-860D2575A1EC}.Release|Any CPU.Build.0 = Release|Any CPU
	EndGlobalSection
	GlobalSection(SolutionProperties) = preSolution
		HideSolutionNode = FALSE
	EndGlobalSection
	GlobalSection(ExtensibilityGlobals) = postSolution
		SolutionGuid = {B02743F8-8834-44E0-91B5-BFD3EC197292}
	EndGlobalSection
EndGlobal
